// !$*UTF8*$!
{
	archiveVersion = 1;
	classes = {
	};
	objectVersion = 46;
	objects = {

/* Begin PBXBuildFile section */
		D244736D1F0ECD640061FE71 /* AppDelegate.swift in Sources */ = {isa = PBXBuildFile; fileRef = D244736C1F0ECD640061FE71 /* AppDelegate.swift */; };
		D244736F1F0ECD640061FE71 /* ViewController.swift in Sources */ = {isa = PBXBuildFile; fileRef = D244736E1F0ECD640061FE71 /* ViewController.swift */; };
		D24473721F0ECD640061FE71 /* Main.storyboard in Resources */ = {isa = PBXBuildFile; fileRef = D24473701F0ECD640061FE71 /* Main.storyboard */; };
		D24473741F0ECD640061FE71 /* Assets.xcassets in Resources */ = {isa = PBXBuildFile; fileRef = D24473731F0ECD640061FE71 /* Assets.xcassets */; };
		D24473771F0ECD640061FE71 /* LaunchScreen.storyboard in Resources */ = {isa = PBXBuildFile; fileRef = D24473751F0ECD640061FE71 /* LaunchScreen.storyboard */; };
		D24473821F0ECD640061FE71 /* SelfigramTests.swift in Sources */ = {isa = PBXBuildFile; fileRef = D24473811F0ECD640061FE71 /* SelfigramTests.swift */; };
		D244738D1F0ECD640061FE71 /* SelfigramUITests.swift in Sources */ = {isa = PBXBuildFile; fileRef = D244738C1F0ECD640061FE71 /* SelfigramUITests.swift */; };
/* End PBXBuildFile section */

/* Begin PBXContainerItemProxy section */
		D244737E1F0ECD640061FE71 /* PBXContainerItemProxy */ = {
			isa = PBXContainerItemProxy;
			containerPortal = D24473611F0ECD640061FE71 /* Project object */;
			proxyType = 1;
			remoteGlobalIDString = D24473681F0ECD640061FE71;
			remoteInfo = Selfigram;
		};
		D24473891F0ECD640061FE71 /* PBXContainerItemProxy */ = {
			isa = PBXContainerItemProxy;
			containerPortal = D24473611F0ECD640061FE71 /* Project object */;
			proxyType = 1;
			remoteGlobalIDString = D24473681F0ECD640061FE71;
			remoteInfo = Selfigram;
		};
/* End PBXContainerItemProxy section */

/* Begin PBXFileReference section */
		D24473691F0ECD640061FE71 /* Selfigram.app */ = {isa = PBXFileReference; explicitFileType = wrapper.application; includeInIndex = 0; path = Selfigram.app; sourceTree = BUILT_PRODUCTS_DIR; };
		D244736C1F0ECD640061FE71 /* AppDelegate.swift */ = {isa = PBXFileReference; lastKnownFileType = sourcecode.swift; path = AppDelegate.swift; sourceTree = "<group>"; };
		D244736E1F0ECD640061FE71 /* ViewController.swift */ = {isa = PBXFileReference; lastKnownFileType = sourcecode.swift; path = ViewController.swift; sourceTree = "<group>"; };
		D24473711F0ECD640061FE71 /* Base */ = {isa = PBXFileReference; lastKnownFileType = file.storyboard; name = Base; path = Base.lproj/Main.storyboard; sourceTree = "<group>"; };
		D24473731F0ECD640061FE71 /* Assets.xcassets */ = {isa = PBXFileReference; lastKnownFileType = folder.assetcatalog; path = Assets.xcassets; sourceTree = "<group>"; };
		D24473761F0ECD640061FE71 /* Base */ = {isa = PBXFileReference; lastKnownFileType = file.storyboard; name = Base; path = Base.lproj/LaunchScreen.storyboard; sourceTree = "<group>"; };
		D24473781F0ECD640061FE71 /* Info.plist */ = {isa = PBXFileReference; lastKnownFileType = text.plist.xml; path = Info.plist; sourceTree = "<group>"; };
		D244737D1F0ECD640061FE71 /* SelfigramTests.xctest */ = {isa = PBXFileReference; explicitFileType = wrapper.cfbundle; includeInIndex = 0; path = SelfigramTests.xctest; sourceTree = BUILT_PRODUCTS_DIR; };
		D24473811F0ECD640061FE71 /* SelfigramTests.swift */ = {isa = PBXFileReference; lastKnownFileType = sourcecode.swift; path = SelfigramTests.swift; sourceTree = "<group>"; };
		D24473831F0ECD640061FE71 /* Info.plist */ = {isa = PBXFileReference; lastKnownFileType = text.plist.xml; path = Info.plist; sourceTree = "<group>"; };
		D24473881F0ECD640061FE71 /* SelfigramUITests.xctest */ = {isa = PBXFileReference; explicitFileType = wrapper.cfbundle; includeInIndex = 0; path = SelfigramUITests.xctest; sourceTree = BUILT_PRODUCTS_DIR; };
		D244738C1F0ECD640061FE71 /* SelfigramUITests.swift */ = {isa = PBXFileReference; lastKnownFileType = sourcecode.swift; path = SelfigramUITests.swift; sourceTree = "<group>"; };
		D244738E1F0ECD640061FE71 /* Info.plist */ = {isa = PBXFileReference; lastKnownFileType = text.plist.xml; path = Info.plist; sourceTree = "<group>"; };
/* End PBXFileReference section */

/* Begin PBXFrameworksBuildPhase section */
		D24473661F0ECD640061FE71 /* Frameworks */ = {
			isa = PBXFrameworksBuildPhase;
			buildActionMask = 2147483647;
			files = (
			);
			runOnlyForDeploymentPostprocessing = 0;
		};
		D244737A1F0ECD640061FE71 /* Frameworks */ = {
			isa = PBXFrameworksBuildPhase;
			buildActionMask = 2147483647;
			files = (
			);
			runOnlyForDeploymentPostprocessing = 0;
		};
		D24473851F0ECD640061FE71 /* Frameworks */ = {
			isa = PBXFrameworksBuildPhase;
			buildActionMask = 2147483647;
			files = (
			);
			runOnlyForDeploymentPostprocessing = 0;
		};
/* End PBXFrameworksBuildPhase section */

/* Begin PBXGroup section */
		D24473601F0ECD640061FE71 = {
			isa = PBXGroup;
			children = (
				D244736B1F0ECD640061FE71 /* Selfigram */,
				D24473801F0ECD640061FE71 /* SelfigramTests */,
				D244738B1F0ECD640061FE71 /* SelfigramUITests */,
				D244736A1F0ECD640061FE71 /* Products */,
			);
			sourceTree = "<group>";
		};
		D244736A1F0ECD640061FE71 /* Products */ = {
			isa = PBXGroup;
			children = (
				D24473691F0ECD640061FE71 /* Selfigram.app */,
				D244737D1F0ECD640061FE71 /* SelfigramTests.xctest */,
				D24473881F0ECD640061FE71 /* SelfigramUITests.xctest */,
			);
			name = Products;
			sourceTree = "<group>";
		};
		D244736B1F0ECD640061FE71 /* Selfigram */ = {
			isa = PBXGroup;
			children = (
				D244736C1F0ECD640061FE71 /* AppDelegate.swift */,
				D244736E1F0ECD640061FE71 /* ViewController.swift */,
				D24473701F0ECD640061FE71 /* Main.storyboard */,
				D24473731F0ECD640061FE71 /* Assets.xcassets */,
				D24473751F0ECD640061FE71 /* LaunchScreen.storyboard */,
				D24473781F0ECD640061FE71 /* Info.plist */,
			);
			path = Selfigram;
			sourceTree = "<group>";
		};
		D24473801F0ECD640061FE71 /* SelfigramTests */ = {
			isa = PBXGroup;
			children = (
				D24473811F0ECD640061FE71 /* SelfigramTests.swift */,
				D24473831F0ECD640061FE71 /* Info.plist */,
			);
			path = SelfigramTests;
			sourceTree = "<group>";
		};
		D244738B1F0ECD640061FE71 /* SelfigramUITests */ = {
			isa = PBXGroup;
			children = (
				D244738C1F0ECD640061FE71 /* SelfigramUITests.swift */,
				D244738E1F0ECD640061FE71 /* Info.plist */,
			);
			path = SelfigramUITests;
			sourceTree = "<group>";
		};
/* End PBXGroup section */

/* Begin PBXNativeTarget section */
		D24473681F0ECD640061FE71 /* Selfigram */ = {
			isa = PBXNativeTarget;
			buildConfigurationList = D24473911F0ECD640061FE71 /* Build configuration list for PBXNativeTarget "Selfigram" */;
			buildPhases = (
				D24473651F0ECD640061FE71 /* Sources */,
				D24473661F0ECD640061FE71 /* Frameworks */,
				D24473671F0ECD640061FE71 /* Resources */,
			);
			buildRules = (
			);
			dependencies = (
			);
			name = Selfigram;
			productName = Selfigram;
			productReference = D24473691F0ECD640061FE71 /* Selfigram.app */;
			productType = "com.apple.product-type.application";
		};
		D244737C1F0ECD640061FE71 /* SelfigramTests */ = {
			isa = PBXNativeTarget;
			buildConfigurationList = D24473941F0ECD640061FE71 /* Build configuration list for PBXNativeTarget "SelfigramTests" */;
			buildPhases = (
				D24473791F0ECD640061FE71 /* Sources */,
				D244737A1F0ECD640061FE71 /* Frameworks */,
				D244737B1F0ECD640061FE71 /* Resources */,
			);
			buildRules = (
			);
			dependencies = (
				D244737F1F0ECD640061FE71 /* PBXTargetDependency */,
			);
			name = SelfigramTests;
			productName = SelfigramTests;
			productReference = D244737D1F0ECD640061FE71 /* SelfigramTests.xctest */;
			productType = "com.apple.product-type.bundle.unit-test";
		};
		D24473871F0ECD640061FE71 /* SelfigramUITests */ = {
			isa = PBXNativeTarget;
			buildConfigurationList = D24473971F0ECD640061FE71 /* Build configuration list for PBXNativeTarget "SelfigramUITests" */;
			buildPhases = (
				D24473841F0ECD640061FE71 /* Sources */,
				D24473851F0ECD640061FE71 /* Frameworks */,
				D24473861F0ECD640061FE71 /* Resources */,
			);
			buildRules = (
			);
			dependencies = (
				D244738A1F0ECD640061FE71 /* PBXTargetDependency */,
			);
			name = SelfigramUITests;
			productName = SelfigramUITests;
			productReference = D24473881F0ECD640061FE71 /* SelfigramUITests.xctest */;
			productType = "com.apple.product-type.bundle.ui-testing";
		};
/* End PBXNativeTarget section */

/* Begin PBXProject section */
		D24473611F0ECD640061FE71 /* Project object */ = {
			isa = PBXProject;
			attributes = {
				LastSwiftUpdateCheck = 0830;
				LastUpgradeCheck = 0830;
				ORGANIZATIONNAME = "Alexandra Levy";
				TargetAttributes = {
					D24473681F0ECD640061FE71 = {
						CreatedOnToolsVersion = 8.3.3;
						ProvisioningStyle = Automatic;
					};
					D244737C1F0ECD640061FE71 = {
						CreatedOnToolsVersion = 8.3.3;
						ProvisioningStyle = Automatic;
						TestTargetID = D24473681F0ECD640061FE71;
					};
					D24473871F0ECD640061FE71 = {
						CreatedOnToolsVersion = 8.3.3;
						ProvisioningStyle = Automatic;
						TestTargetID = D24473681F0ECD640061FE71;
					};
				};
			};
			buildConfigurationList = D24473641F0ECD640061FE71 /* Build configuration list for PBXProject "Selfigram" */;
			compatibilityVersion = "Xcode 3.2";
			developmentRegion = English;
			hasScannedForEncodings = 0;
			knownRegions = (
				en,
				Base,
			);
			mainGroup = D24473601F0ECD640061FE71;
			productRefGroup = D244736A1F0ECD640061FE71 /* Products */;
			projectDirPath = "";
			projectRoot = "";
			targets = (
				D24473681F0ECD640061FE71 /* Selfigram */,
				D244737C1F0ECD640061FE71 /* SelfigramTests */,
				D24473871F0ECD640061FE71 /* SelfigramUITests */,
			);
		};
/* End PBXProject section */

/* Begin PBXResourcesBuildPhase section */
		D24473671F0ECD640061FE71 /* Resources */ = {
			isa = PBXResourcesBuildPhase;
			buildActionMask = 2147483647;
			files = (
				D24473771F0ECD640061FE71 /* LaunchScreen.storyboard in Resources */,
				D24473741F0ECD640061FE71 /* Assets.xcassets in Resources */,
				D24473721F0ECD640061FE71 /* Main.storyboard in Resources */,
			);
			runOnlyForDeploymentPostprocessing = 0;
		};
		D244737B1F0ECD640061FE71 /* Resources */ = {
			isa = PBXResourcesBuildPhase;
			buildActionMask = 2147483647;
			files = (
			);
			runOnlyForDeploymentPostprocessing = 0;
		};
		D24473861F0ECD640061FE71 /* Resources */ = {
			isa = PBXResourcesBuildPhase;
			buildActionMask = 2147483647;
			files = (
			);
			runOnlyForDeploymentPostprocessing = 0;
		};
/* End PBXResourcesBuildPhase section */

/* Begin PBXSourcesBuildPhase section */
		D24473651F0ECD640061FE71 /* Sources */ = {
			isa = PBXSourcesBuildPhase;
			buildActionMask = 2147483647;
			files = (
				D244736F1F0ECD640061FE71 /* ViewController.swift in Sources */,
				D244736D1F0ECD640061FE71 /* AppDelegate.swift in Sources */,
			);
			runOnlyForDeploymentPostprocessing = 0;
		};
		D24473791F0ECD640061FE71 /* Sources */ = {
			isa = PBXSourcesBuildPhase;
			buildActionMask = 2147483647;
			files = (
				D24473821F0ECD640061FE71 /* SelfigramTests.swift in Sources */,
			);
			runOnlyForDeploymentPostprocessing = 0;
		};
		D24473841F0ECD640061FE71 /* Sources */ = {
			isa = PBXSourcesBuildPhase;
			buildActionMask = 2147483647;
			files = (
				D244738D1F0ECD640061FE71 /* SelfigramUITests.swift in Sources */,
			);
			runOnlyForDeploymentPostprocessing = 0;
		};
/* End PBXSourcesBuildPhase section */

/* Begin PBXTargetDependency section */
		D244737F1F0ECD640061FE71 /* PBXTargetDependency */ = {
			isa = PBXTargetDependency;
			target = D24473681F0ECD640061FE71 /* Selfigram */;
			targetProxy = D244737E1F0ECD640061FE71 /* PBXContainerItemProxy */;
		};
		D244738A1F0ECD640061FE71 /* PBXTargetDependency */ = {
			isa = PBXTargetDependency;
			target = D24473681F0ECD640061FE71 /* Selfigram */;
			targetProxy = D24473891F0ECD640061FE71 /* PBXContainerItemProxy */;
		};
/* End PBXTargetDependency section */

/* Begin PBXVariantGroup section */
		D24473701F0ECD640061FE71 /* Main.storyboard */ = {
			isa = PBXVariantGroup;
			children = (
				D24473711F0ECD640061FE71 /* Base */,
			);
			name = Main.storyboard;
			sourceTree = "<group>";
		};
		D24473751F0ECD640061FE71 /* LaunchScreen.storyboard */ = {
			isa = PBXVariantGroup;
			children = (
				D24473761F0ECD640061FE71 /* Base */,
			);
			name = LaunchScreen.storyboard;
			sourceTree = "<group>";
		};
/* End PBXVariantGroup section */

/* Begin XCBuildConfiguration section */
		D244738F1F0ECD640061FE71 /* Debug */ = {
			isa = XCBuildConfiguration;
			buildSettings = {
				ALWAYS_SEARCH_USER_PATHS = NO;
				CLANG_ANALYZER_NONNULL = YES;
				CLANG_ANALYZER_NUMBER_OBJECT_CONVERSION = YES_AGGRESSIVE;
				CLANG_CXX_LANGUAGE_STANDARD = "gnu++0x";
				CLANG_CXX_LIBRARY = "libc++";
				CLANG_ENABLE_MODULES = YES;
				CLANG_ENABLE_OBJC_ARC = YES;
				CLANG_WARN_BOOL_CONVERSION = YES;
				CLANG_WARN_CONSTANT_CONVERSION = YES;
				CLANG_WARN_DIRECT_OBJC_ISA_USAGE = YES_ERROR;
				CLANG_WARN_DOCUMENTATION_COMMENTS = YES;
				CLANG_WARN_EMPTY_BODY = YES;
				CLANG_WARN_ENUM_CONVERSION = YES;
				CLANG_WARN_INFINITE_RECURSION = YES;
				CLANG_WARN_INT_CONVERSION = YES;
				CLANG_WARN_OBJC_ROOT_CLASS = YES_ERROR;
				CLANG_WARN_SUSPICIOUS_MOVE = YES;
				CLANG_WARN_UNREACHABLE_CODE = YES;
				CLANG_WARN__DUPLICATE_METHOD_MATCH = YES;
				"CODE_SIGN_IDENTITY[sdk=iphoneos*]" = "iPhone Developer";
				COPY_PHASE_STRIP = NO;
				DEBUG_INFORMATION_FORMAT = dwarf;
				ENABLE_STRICT_OBJC_MSGSEND = YES;
				ENABLE_TESTABILITY = YES;
				GCC_C_LANGUAGE_STANDARD = gnu99;
				GCC_DYNAMIC_NO_PIC = NO;
				GCC_NO_COMMON_BLOCKS = YES;
				GCC_OPTIMIZATION_LEVEL = 0;
				GCC_PREPROCESSOR_DEFINITIONS = (
					"DEBUG=1",
					"$(inherited)",
				);
				GCC_WARN_64_TO_32_BIT_CONVERSION = YES;
				GCC_WARN_ABOUT_RETURN_TYPE = YES_ERROR;
				GCC_WARN_UNDECLARED_SELECTOR = YES;
				GCC_WARN_UNINITIALIZED_AUTOS = YES_AGGRESSIVE;
				GCC_WARN_UNUSED_FUNCTION = YES;
				GCC_WARN_UNUSED_VARIABLE = YES;
				IPHONEOS_DEPLOYMENT_TARGET = 10.3;
				MTL_ENABLE_DEBUG_INFO = YES;
				ONLY_ACTIVE_ARCH = YES;
				SDKROOT = iphoneos;
				SWIFT_ACTIVE_COMPILATION_CONDITIONS = DEBUG;
				SWIFT_OPTIMIZATION_LEVEL = "-Onone";
			};
			name = Debug;
		};
		D24473901F0ECD640061FE71 /* Release */ = {
			isa = XCBuildConfiguration;
			buildSettings = {
				ALWAYS_SEARCH_USER_PATHS = NO;
				CLANG_ANALYZER_NONNULL = YES;
				CLANG_ANALYZER_NUMBER_OBJECT_CONVERSION = YES_AGGRESSIVE;
				CLANG_CXX_LANGUAGE_STANDARD = "gnu++0x";
				CLANG_CXX_LIBRARY = "libc++";
				CLANG_ENABLE_MODULES = YES;
				CLANG_ENABLE_OBJC_ARC = YES;
				CLANG_WARN_BOOL_CONVERSION = YES;
				CLANG_WARN_CONSTANT_CONVERSION = YES;
				CLANG_WARN_DIRECT_OBJC_ISA_USAGE = YES_ERROR;
				CLANG_WARN_DOCUMENTATION_COMMENTS = YES;
				CLANG_WARN_EMPTY_BODY = YES;
				CLANG_WARN_ENUM_CONVERSION = YES;
				CLANG_WARN_INFINITE_RECURSION = YES;
				CLANG_WARN_INT_CONVERSION = YES;
				CLANG_WARN_OBJC_ROOT_CLASS = YES_ERROR;
				CLANG_WARN_SUSPICIOUS_MOVE = YES;
				CLANG_WARN_UNREACHABLE_CODE = YES;
				CLANG_WARN__DUPLICATE_METHOD_MATCH = YES;
				"CODE_SIGN_IDENTITY[sdk=iphoneos*]" = "iPhone Developer";
				COPY_PHASE_STRIP = NO;
				DEBUG_INFORMATION_FORMAT = "dwarf-with-dsym";
				ENABLE_NS_ASSERTIONS = NO;
				ENABLE_STRICT_OBJC_MSGSEND = YES;
				GCC_C_LANGUAGE_STANDARD = gnu99;
				GCC_NO_COMMON_BLOCKS = YES;
				GCC_WARN_64_TO_32_BIT_CONVERSION = YES;
				GCC_WARN_ABOUT_RETURN_TYPE = YES_ERROR;
				GCC_WARN_UNDECLARED_SELECTOR = YES;
				GCC_WARN_UNINITIALIZED_AUTOS = YES_AGGRESSIVE;
				GCC_WARN_UNUSED_FUNCTION = YES;
				GCC_WARN_UNUSED_VARIABLE = YES;
				IPHONEOS_DEPLOYMENT_TARGET = 10.3;
				MTL_ENABLE_DEBUG_INFO = NO;
				SDKROOT = iphoneos;
				SWIFT_OPTIMIZATION_LEVEL = "-Owholemodule";
				VALIDATE_PRODUCT = YES;
			};
			name = Release;
		};
		D24473921F0ECD640061FE71 /* Debug */ = {
			isa = XCBuildConfiguration;
			buildSettings = {
				ASSETCATALOG_COMPILER_APPICON_NAME = AppIcon;
				INFOPLIST_FILE = Selfigram/Info.plist;
				LD_RUNPATH_SEARCH_PATHS = "$(inherited) @executable_path/Frameworks";
				PRODUCT_BUNDLE_IDENTIFIER = "com.AlexandraLevy-test.Selfigram";
				PRODUCT_NAME = "$(TARGET_NAME)";
				SWIFT_VERSION = 3.0;
			};
			name = Debug;
		};
		D24473931F0ECD640061FE71 /* Release */ = {
			isa = XCBuildConfiguration;
			buildSettings = {
				ASSETCATALOG_COMPILER_APPICON_NAME = AppIcon;
				INFOPLIST_FILE = Selfigram/Info.plist;
				LD_RUNPATH_SEARCH_PATHS = "$(inherited) @executable_path/Frameworks";
				PRODUCT_BUNDLE_IDENTIFIER = "com.AlexandraLevy-test.Selfigram";
				PRODUCT_NAME = "$(TARGET_NAME)";
				SWIFT_VERSION = 3.0;
			};
			name = Release;
		};
		D24473951F0ECD640061FE71 /* Debug */ = {
			isa = XCBuildConfiguration;
			buildSettings = {
				ALWAYS_EMBED_SWIFT_STANDARD_LIBRARIES = YES;
				BUNDLE_LOADER = "$(TEST_HOST)";
				INFOPLIST_FILE = SelfigramTests/Info.plist;
				LD_RUNPATH_SEARCH_PATHS = "$(inherited) @executable_path/Frameworks @loader_path/Frameworks";
				PRODUCT_BUNDLE_IDENTIFIER = "com.AlexandraLevy-test.SelfigramTests";
				PRODUCT_NAME = "$(TARGET_NAME)";
				SWIFT_VERSION = 3.0;
				TEST_HOST = "$(BUILT_PRODUCTS_DIR)/Selfigram.app/Selfigram";
			};
			name = Debug;
		};
		D24473961F0ECD640061FE71 /* Release */ = {
			isa = XCBuildConfiguration;
			buildSettings = {
				ALWAYS_EMBED_SWIFT_STANDARD_LIBRARIES = YES;
				BUNDLE_LOADER = "$(TEST_HOST)";
				INFOPLIST_FILE = SelfigramTests/Info.plist;
				LD_RUNPATH_SEARCH_PATHS = "$(inherited) @executable_path/Frameworks @loader_path/Frameworks";
				PRODUCT_BUNDLE_IDENTIFIER = "com.AlexandraLevy-test.SelfigramTests";
				PRODUCT_NAME = "$(TARGET_NAME)";
				SWIFT_VERSION = 3.0;
				TEST_HOST = "$(BUILT_PRODUCTS_DIR)/Selfigram.app/Selfigram";
			};
			name = Release;
		};
		D24473981F0ECD640061FE71 /* Debug */ = {
			isa = XCBuildConfiguration;
			buildSettings = {
				ALWAYS_EMBED_SWIFT_STANDARD_LIBRARIES = YES;
				INFOPLIST_FILE = SelfigramUITests/Info.plist;
				LD_RUNPATH_SEARCH_PATHS = "$(inherited) @executable_path/Frameworks @loader_path/Frameworks";
				PRODUCT_BUNDLE_IDENTIFIER = "com.AlexandraLevy-test.SelfigramUITests";
				PRODUCT_NAME = "$(TARGET_NAME)";
				SWIFT_VERSION = 3.0;
				TEST_TARGET_NAME = Selfigram;
			};
			name = Debug;
		};
		D24473991F0ECD640061FE71 /* Release */ = {
			isa = XCBuildConfiguration;
			buildSettings = {
				ALWAYS_EMBED_SWIFT_STANDARD_LIBRARIES = YES;
				INFOPLIST_FILE = SelfigramUITests/Info.plist;
				LD_RUNPATH_SEARCH_PATHS = "$(inherited) @executable_path/Frameworks @loader_path/Frameworks";
				PRODUCT_BUNDLE_IDENTIFIER = "com.AlexandraLevy-test.SelfigramUITests";
				PRODUCT_NAME = "$(TARGET_NAME)";
				SWIFT_VERSION = 3.0;
				TEST_TARGET_NAME = Selfigram;
			};
			name = Release;
		};
/* End XCBuildConfiguration section */

/* Begin XCConfigurationList section */
		D24473641F0ECD640061FE71 /* Build configuration list for PBXProject "Selfigram" */ = {
			isa = XCConfigurationList;
			buildConfigurations = (
				D244738F1F0ECD640061FE71 /* Debug */,
				D24473901F0ECD640061FE71 /* Release */,
			);
			defaultConfigurationIsVisible = 0;
			defaultConfigurationName = Release;
		};
		D24473911F0ECD640061FE71 /* Build configuration list for PBXNativeTarget "Selfigram" */ = {
			isa = XCConfigurationList;
			buildConfigurations = (
				D24473921F0ECD640061FE71 /* Debug */,
				D24473931F0ECD640061FE71 /* Release */,
			);
			defaultConfigurationIsVisible = 0;
		};
		D24473941F0ECD640061FE71 /* Build configuration list for PBXNativeTarget "SelfigramTests" */ = {
			isa = XCConfigurationList;
			buildConfigurations = (
				D24473951F0ECD640061FE71 /* Debug */,
				D24473961F0ECD640061FE71 /* Release */,
			);
			defaultConfigurationIsVisible = 0;
		};
		D24473971F0ECD640061FE71 /* Build configuration list for PBXNativeTarget "SelfigramUITests" */ = {
			isa = XCConfigurationList;
			buildConfigurations = (
				D24473981F0ECD640061FE71 /* Debug */,
				D24473991F0ECD640061FE71 /* Release */,
			);
			defaultConfigurationIsVisible = 0;
		};
/* End XCConfigurationList section */
	};
	rootObject = D24473611F0ECD640061FE71 /* Project object */;
}
